
Microsoft Visual Studio Solution File, Format Version 12.00
# Visual Studio Version 17
VisualStudioVersion = 17.6.33829.357
MinimumVisualStudioVersion = 10.0.40219.1
Project("{FAE04EC0-301F-11D3-BF4B-00C04F79EFBC}") = "CashDeskManager.V2", "CashDeskManager.V2\CashDeskManager.V2.csproj", "{3EC077C3-C5D4-46C3-A5F1-4E20CC016175}"
EndProject
Global
	GlobalSection(SolutionConfigurationPlatforms) = preSolution
		Debug|Any CPU = Debug|Any CPU
		Release|Any CPU = Release|Any CPU
	EndGlobalSection
	GlobalSection(ProjectConfigurationPlatforms) = postSolution
		{3EC077C3-C5D4-46C3-A5F1-4E20CC016175}.Debug|Any CPU.ActiveCfg = Debug|Any CPU
		{3EC077C3-C5D4-46C3-A5F1-4E20CC016175}.Debug|Any CPU.Build.0 = Debug|Any CPU
		{3EC077C3-C5D4-46C3-A5F1-4E20CC016175}.Release|Any CPU.ActiveCfg = Release|Any CPU
		{3EC077C3-C5D4-46C3-A5F1-4E20CC016175}.Release|Any CPU.Build.0 = Release|Any CPU
	EndGlobalSection
	GlobalSection(SolutionProperties) = preSolution
		HideSolutionNode = FALSE
	EndGlobalSection
EndGlobal
